
Microsoft Visual Studio Solution File, Format Version 12.00
# Visual Studio Version 16
VisualStudioVersion = 16.0.31129.286
MinimumVisualStudioVersion = 10.0.40219.1
Project("{2150E333-8FDC-42A3-9474-1A3956D46DE8}") = "Project", "Project", "{41007E40-4D3C-4697-B636-2147033CD580}"
EndProject
Project("{9A19103F-16F7-4668-BE54-9A1E7A4F7556}") = "SitecoreTrainingApp.Project.Training", "src\Project\Training\SitecoreTrainingApp.Project.Training.csproj", "{1904891A-B214-40C8-8FA8-6BA44C07845D}"
EndProject
Global
	GlobalSection(SolutionConfigurationPlatforms) = preSolution
		Debug|Any CPU = Debug|Any CPU
		Release|Any CPU = Release|Any CPU
	EndGlobalSection
	GlobalSection(ProjectConfigurationPlatforms) = postSolution
		{1904891A-B214-40C8-8FA8-6BA44C07845D}.Debug|Any CPU.ActiveCfg = Debug|Any CPU
		{1904891A-B214-40C8-8FA8-6BA44C07845D}.Debug|Any CPU.Build.0 = Debug|Any CPU
		{1904891A-B214-40C8-8FA8-6BA44C07845D}.Release|Any CPU.ActiveCfg = Release|Any CPU
		{1904891A-B214-40C8-8FA8-6BA44C07845D}.Release|Any CPU.Build.0 = Release|Any CPU
	EndGlobalSection
	GlobalSection(SolutionProperties) = preSolution
		HideSolutionNode = FALSE
	EndGlobalSection
	GlobalSection(NestedProjects) = preSolution
		{1904891A-B214-40C8-8FA8-6BA44C07845D} = {41007E40-4D3C-4697-B636-2147033CD580}
	EndGlobalSection
	GlobalSection(ExtensibilityGlobals) = postSolution
		SolutionGuid = {0E4010F9-D9A7-43AC-AED0-BC0778CB2525}
	EndGlobalSection
EndGlobal
